
Microsoft Visual Studio Solution File, Format Version 12.00
# Visual Studio Version 16
VisualStudioVersion = 16.0.29326.143
MinimumVisualStudioVersion = 10.0.40219.1
Project("{FAE04EC0-301F-11D3-BF4B-00C04F79EFBC}") = "APProject", "APProject\APProject.csproj", "{390BC37F-A871-4420-AADD-294274AEBBB5}"
EndProject
Global
	GlobalSection(SolutionConfigurationPlatforms) = preSolution
		Debug|Any CPU = Debug|Any CPU
		Release|Any CPU = Release|Any CPU
	EndGlobalSection
	GlobalSection(ProjectConfigurationPlatforms) = postSolution
		{390BC37F-A871-4420-AADD-294274AEBBB5}.Debug|Any CPU.ActiveCfg = Debug|Any CPU
		{390BC37F-A871-4420-AADD-294274AEBBB5}.Debug|Any CPU.Build.0 = Debug|Any CPU
		{390BC37F-A871-4420-AADD-294274AEBBB5}.Release|Any CPU.ActiveCfg = Release|Any CPU
		{390BC37F-A871-4420-AADD-294274AEBBB5}.Release|Any CPU.Build.0 = Release|Any CPU
	EndGlobalSection
	GlobalSection(SolutionProperties) = preSolution
		HideSolutionNode = FALSE
	EndGlobalSection
	GlobalSection(ExtensibilityGlobals) = postSolution
		SolutionGuid = {528A5070-7AC2-48D6-90E0-41ACBBA521BF}
	EndGlobalSection
EndGlobal
